
Microsoft Visual Studio Solution File, Format Version 12.00
# Visual Studio Version 17
VisualStudioVersion = 17.3.32825.248
MinimumVisualStudioVersion = 10.0.40219.1
Project("{FAE04EC0-301F-11D3-BF4B-00C04F79EFBC}") = "BilietavimoSistema", "BilietavimoSistema.csproj", "{82E4FAEE-9DA1-4E4D-B72E-46E15B045D23}"
EndProject
Global
	GlobalSection(SolutionConfigurationPlatforms) = preSolution
		Debug|Any CPU = Debug|Any CPU
		Release|Any CPU = Release|Any CPU
	EndGlobalSection
	GlobalSection(ProjectConfigurationPlatforms) = postSolution
		{82E4FAEE-9DA1-4E4D-B72E-46E15B045D23}.Debug|Any CPU.ActiveCfg = Debug|Any CPU
		{82E4FAEE-9DA1-4E4D-B72E-46E15B045D23}.Debug|Any CPU.Build.0 = Debug|Any CPU
		{82E4FAEE-9DA1-4E4D-B72E-46E15B045D23}.Release|Any CPU.ActiveCfg = Release|Any CPU
		{82E4FAEE-9DA1-4E4D-B72E-46E15B045D23}.Release|Any CPU.Build.0 = Release|Any CPU
	EndGlobalSection
	GlobalSection(SolutionProperties) = preSolution
		HideSolutionNode = FALSE
	EndGlobalSection
	GlobalSection(ExtensibilityGlobals) = postSolution
		SolutionGuid = {6201A493-5CF9-4C30-BE57-83456A8FD73E}
	EndGlobalSection
EndGlobal
